<?xml version="1.0" encoding="utf-8"?>
<Project ToolsVersion="4.0" xmlns="http://schemas.microsoft.com/developer/msbuild/2003">
  <ItemGroup>
    <Filter Include="资源文件">
      <UniqueIdentifier>{67DA6AB6-F800-4c08-8B7A-83BB121AAD01}</UniqueIdentifier>
      <Extensions>rc;ico;cur;bmp;dlg;rc2;rct;bin;rgs;gif;jpg;jpeg;jpe;resx;tiff;tif;png;wav;mfcribbon-ms</Extensions>
    </Filter>
    <Filter Include="Source">
      <UniqueIdentifier>{926d2d54-ae6f-429a-b6c6-3d486c70a84d}</UniqueIdentifier>
    </Filter>
    <Filter Include="Helper">
      <UniqueIdentifier>{ec9de10c-e43c-4e6a-aa45-48dd016e8b46}</UniqueIdentifier>
    </Filter>
  </ItemGroup>
  <ItemGroup>
    <ClCompile Include="Main.cc">
      <Filter>Source</Filter>
    </ClCompile>
    <ClCompile Include="Helper\imgui.cpp">
      <Filter>Helper</Filter>
    </ClCompile>
    <ClCompile Include="Helper\imgui_demo.cpp">
      <Filter>Helper</Filter>
    </ClCompile>
    <ClCompile Include="Helper\imgui_draw.cpp">
      <Filter>Helper</Filter>
    </ClCompile>
    <ClCompile Include="Helper\imgui_impl_dx11.cpp">
      <Filter>Helper</Filter>
    </ClCompile>
    <ClCompile Include="Helper\imgui_impl_win32.cpp">
      <Filter>Helper</Filter>
    </ClCompile>
    <ClCompile Include="Helper\imgui_tables.cpp">
      <Filter>Helper</Filter>
    </ClCompile>
    <ClCompile Include="Helper\imgui_widgets.cpp">
      <Filter>Helper</Filter>
    </ClCompile>
  </ItemGroup>
  <ItemGroup>
    <ClInclude Include="Render.hpp">
      <Filter>Source</Filter>
    </ClInclude>
    <ClInclude Include="Main.h">
      <Filter>Source</Filter>
    </ClInclude>
    <ClInclude Include="Helper\imconfig.h">
      <Filter>Helper</Filter>
    </ClInclude>
    <ClInclude Include="Helper\imgui.h">
      <Filter>Helper</Filter>
    </ClInclude>
    <ClInclude Include="Helper\imgui_impl_dx11.h">
      <Filter>Helper</Filter>
    </ClInclude>
    <ClInclude Include="Helper\imgui_impl_win32.h">
      <Filter>Helper</Filter>
    </ClInclude>
    <ClInclude Include="Helper\imgui_internal.h">
      <Filter>Helper</Filter>
    </ClInclude>
    <ClInclude Include="Helper\imstb_rectpack.h">
      <Filter>Helper</Filter>
    </ClInclude>
    <ClInclude Include="Helper\imstb_textedit.h">
      <Filter>Helper</Filter>
    </ClInclude>
    <ClInclude Include="Helper\imstb_truetype.h">
      <Filter>Helper</Filter>
    </ClInclude>
  </ItemGroup>
</Project>